PODS:
  - barcode_platform_view (0.0.1):
    - Flutter
  - Flutter (1.0.0)

DEPENDENCIES:
  - barcode_platform_view (from `.symlinks/plugins/barcode_platform_view/ios`)
  - Flutter (from `.symlinks/flutter/ios`)

EXTERNAL SOURCES:
  barcode_platform_view:
    :path: ".symlinks/plugins/barcode_platform_view/ios"
  Flutter:
    :path: ".symlinks/flutter/ios"

SPEC CHECKSUMS:
  barcode_platform_view: f74ee4ad95f53ea648a20959bcd5f3bee9f09252
  Flutter: 58dd7d1b27887414a370fcccb9e645c08ffd7a6a

PODFILE CHECKSUM: ebd43b443038e611b86ede96e613bd6033c49497

COCOAPODS: 1.6.1
